{
  "originHash" : "ec2a7521fcb28be652010e9fb8bf610ad723097d24859876c3a7aa3f4ead1ef5",
  "pins" : [
    {
      "identity" : "ipapi",
      "kind" : "remoteSourceControl",
      "location" : "https://github.com/arturgrigor/IPAPI.git",
      "state" : {
        "revision" : "7394135f9162ab7127a5ebd94d48e797dc516414",
        "version" : "3.0.0"
      }
    },
    {
      "identity" : "keychain-swift",
      "kind" : "remoteSourceControl",
      "location" : "https://github.com/evgenyneu/keychain-swift.git",
      "state" : {
        "revision" : "5e1b02b6a9dac2a759a1d5dbc175c86bd192a608",
        "version" : "24.0.0"
      }
    },
    {
      "identity" : "multiadsinterface",
      "kind" : "remoteSourceControl",
      "location" : "https://github.com/CoderRb123/MultiAdsInterface.git",
      "state" : {
        "branch" : "main",
        "revision" : "afdfe4b673bd6d51e90d23f0579151d4ad9de6ce"
      }
    },
    {
      "identity" : "swiftyjson",
      "kind" : "remoteSourceControl",
      "location" : "https://github.com/SwiftyJSON/SwiftyJSON.git",
      "state" : {
        "revision" : "af76cf3ef710b6ca5f8c05f3a31307d44a3c5828",
        "version" : "5.0.2"
      }
    }
  ],
  "version" : 3
}
