{
  "originHash" : "120a53f3288eec2d3ce47945fdb60b720b52ba34ef51e014216b0f0aa3c4c38d",
  "pins" : [
    {
      "identity" : "ipapi",
      "kind" : "remoteSourceControl",
      "location" : "https://github.com/arturgrigor/IPAPI.git",
      "state" : {
        "revision" : "7394135f9162ab7127a5ebd94d48e797dc516414",
        "version" : "3.0.0"
      }
    },
    {
      "identity" : "keychain-swift",
      "kind" : "remoteSourceControl",
      "location" : "https://github.com/evgenyneu/keychain-swift.git",
      "state" : {
        "revision" : "5e1b02b6a9dac2a759a1d5dbc175c86bd192a608",
        "version" : "24.0.0"
      }
    },
    {
      "identity" : "multiadsinterface",
      "kind" : "remoteSourceControl",
      "location" : "https://github.com/CoderRb123/MultiAdsInterface.git",
      "state" : {
        "revision" : "62d36aaa0e0877d1d6473236b56eaaf2657ef2b8",
        "version" : "1.1.5"
      }
    },
    {
      "identity" : "swiftyjson",
      "kind" : "remoteSourceControl",
      "location" : "https://github.com/SwiftyJSON/SwiftyJSON.git",
      "state" : {
        "revision" : "af76cf3ef710b6ca5f8c05f3a31307d44a3c5828",
        "version" : "5.0.2"
      }
    }
  ],
  "version" : 3
}
